
Microsoft Visual Studio Solution File, Format Version 12.00
# Visual Studio Version 17
VisualStudioVersion = 17.14.36705.20 d17.14
MinimumVisualStudioVersion = 10.0.40219.1
Project("{FAE04EC0-301F-11D3-BF4B-00C04F79EFBC}") = "PowerModes", "PowerModes.csproj", "{CF185398-E8D4-4B24-9929-1433395DE72D}"
EndProject
Global
	GlobalSection(SolutionConfigurationPlatforms) = preSolution
		Debug|Any CPU = Debug|Any CPU
		Release|Any CPU = Release|Any CPU
	EndGlobalSection
	GlobalSection(ProjectConfigurationPlatforms) = postSolution
		{CF185398-E8D4-4B24-9929-1433395DE72D}.Debug|Any CPU.ActiveCfg = Debug|Any CPU
		{CF185398-E8D4-4B24-9929-1433395DE72D}.Debug|Any CPU.Build.0 = Debug|Any CPU
		{CF185398-E8D4-4B24-9929-1433395DE72D}.Release|Any CPU.ActiveCfg = Release|Any CPU
		{CF185398-E8D4-4B24-9929-1433395DE72D}.Release|Any CPU.Build.0 = Release|Any CPU
	EndGlobalSection
	GlobalSection(SolutionProperties) = preSolution
		HideSolutionNode = FALSE
	EndGlobalSection
	GlobalSection(ExtensibilityGlobals) = postSolution
		SolutionGuid = {12CAFF34-91CC-4CF3-9A0E-030220DD7673}
	EndGlobalSection
EndGlobal
